
Microsoft Visual Studio Solution File, Format Version 12.00
# Visual Studio Version 16
VisualStudioVersion = 16.0.30114.105
MinimumVisualStudioVersion = 10.0.40219.1
Project("{FAE04EC0-301F-11D3-BF4B-00C04F79EFBC}") = "realcalc", "realcalc.csproj", "{D463558B-9D42-4AE4-8710-6447BF557BF5}"
EndProject
Project("{9A19103F-16F7-4668-BE54-9A1E7A4F7556}") = "gputil", "..\..\gputil\gputil.csproj", "{2038EEAB-E107-4D21-96B9-6C68E0A8E468}"
EndProject
Global
	GlobalSection(SolutionConfigurationPlatforms) = preSolution
		Debug|Any CPU = Debug|Any CPU
		Release|Any CPU = Release|Any CPU
	EndGlobalSection
	GlobalSection(ProjectConfigurationPlatforms) = postSolution
		{D463558B-9D42-4AE4-8710-6447BF557BF5}.Debug|Any CPU.ActiveCfg = Debug|Any CPU
		{D463558B-9D42-4AE4-8710-6447BF557BF5}.Debug|Any CPU.Build.0 = Debug|Any CPU
		{D463558B-9D42-4AE4-8710-6447BF557BF5}.Release|Any CPU.ActiveCfg = Release|Any CPU
		{D463558B-9D42-4AE4-8710-6447BF557BF5}.Release|Any CPU.Build.0 = Release|Any CPU
		{2038EEAB-E107-4D21-96B9-6C68E0A8E468}.Debug|Any CPU.ActiveCfg = Debug|Any CPU
		{2038EEAB-E107-4D21-96B9-6C68E0A8E468}.Debug|Any CPU.Build.0 = Debug|Any CPU
		{2038EEAB-E107-4D21-96B9-6C68E0A8E468}.Release|Any CPU.ActiveCfg = Release|Any CPU
		{2038EEAB-E107-4D21-96B9-6C68E0A8E468}.Release|Any CPU.Build.0 = Release|Any CPU
	EndGlobalSection
	GlobalSection(SolutionProperties) = preSolution
		HideSolutionNode = FALSE
	EndGlobalSection
	GlobalSection(ExtensibilityGlobals) = postSolution
		SolutionGuid = {6C4CF0D5-3D48-4F0D-84F5-DEEFBCD66323}
	EndGlobalSection
EndGlobal
