
Microsoft Visual Studio Solution File, Format Version 12.00
# Visual Studio Version 16
VisualStudioVersion = 16.0.30114.105
MinimumVisualStudioVersion = 10.0.40219.1
Project("{9A19103F-16F7-4668-BE54-9A1E7A4F7556}") = "gplex", "gplex.csproj", "{A50EADE3-8C03-436F-A426-E783D11FB888}"
EndProject
Project("{9A19103F-16F7-4668-BE54-9A1E7A4F7556}") = "gputil", "..\..\gputil\gputil.csproj", "{BD179AD7-C66F-4D55-90B4-7E18D8536B71}"
EndProject
Global
	GlobalSection(SolutionConfigurationPlatforms) = preSolution
		Debug|Any CPU = Debug|Any CPU
		Release|Any CPU = Release|Any CPU
	EndGlobalSection
	GlobalSection(ProjectConfigurationPlatforms) = postSolution
		{A50EADE3-8C03-436F-A426-E783D11FB888}.Debug|Any CPU.ActiveCfg = Debug|Any CPU
		{A50EADE3-8C03-436F-A426-E783D11FB888}.Debug|Any CPU.Build.0 = Debug|Any CPU
		{A50EADE3-8C03-436F-A426-E783D11FB888}.Release|Any CPU.ActiveCfg = Release|Any CPU
		{A50EADE3-8C03-436F-A426-E783D11FB888}.Release|Any CPU.Build.0 = Release|Any CPU
		{BD179AD7-C66F-4D55-90B4-7E18D8536B71}.Debug|Any CPU.ActiveCfg = Debug|Any CPU
		{BD179AD7-C66F-4D55-90B4-7E18D8536B71}.Debug|Any CPU.Build.0 = Debug|Any CPU
		{BD179AD7-C66F-4D55-90B4-7E18D8536B71}.Release|Any CPU.ActiveCfg = Release|Any CPU
		{BD179AD7-C66F-4D55-90B4-7E18D8536B71}.Release|Any CPU.Build.0 = Release|Any CPU
	EndGlobalSection
	GlobalSection(SolutionProperties) = preSolution
		HideSolutionNode = FALSE
	EndGlobalSection
	GlobalSection(ExtensibilityGlobals) = postSolution
		SolutionGuid = {36AA4678-2EAC-4451-B548-6BBEF8E68BB2}
	EndGlobalSection
EndGlobal
