
Microsoft Visual Studio Solution File, Format Version 12.00
# Visual Studio Version 16
VisualStudioVersion = 16.0.30114.105
MinimumVisualStudioVersion = 10.0.40219.1
Project("{9A19103F-16F7-4668-BE54-9A1E7A4F7556}") = "gppg", "gppg.csproj", "{AA9EAE10-BC40-482A-91B0-7CA940458832}"
EndProject
Project("{9A19103F-16F7-4668-BE54-9A1E7A4F7556}") = "gputil", "..\..\gputil\gputil.csproj", "{3515581A-D1C5-4E41-8DBE-788EC689009C}"
EndProject
Global
	GlobalSection(SolutionConfigurationPlatforms) = preSolution
		Debug|Any CPU = Debug|Any CPU
		Release|Any CPU = Release|Any CPU
	EndGlobalSection
	GlobalSection(ProjectConfigurationPlatforms) = postSolution
		{AA9EAE10-BC40-482A-91B0-7CA940458832}.Debug|Any CPU.ActiveCfg = Debug|Any CPU
		{AA9EAE10-BC40-482A-91B0-7CA940458832}.Debug|Any CPU.Build.0 = Debug|Any CPU
		{AA9EAE10-BC40-482A-91B0-7CA940458832}.Release|Any CPU.ActiveCfg = Release|Any CPU
		{AA9EAE10-BC40-482A-91B0-7CA940458832}.Release|Any CPU.Build.0 = Release|Any CPU
		{3515581A-D1C5-4E41-8DBE-788EC689009C}.Debug|Any CPU.ActiveCfg = Debug|Any CPU
		{3515581A-D1C5-4E41-8DBE-788EC689009C}.Debug|Any CPU.Build.0 = Debug|Any CPU
		{3515581A-D1C5-4E41-8DBE-788EC689009C}.Release|Any CPU.ActiveCfg = Release|Any CPU
		{3515581A-D1C5-4E41-8DBE-788EC689009C}.Release|Any CPU.Build.0 = Release|Any CPU
	EndGlobalSection
	GlobalSection(SolutionProperties) = preSolution
		HideSolutionNode = FALSE
	EndGlobalSection
	GlobalSection(ExtensibilityGlobals) = postSolution
		SolutionGuid = {7D3182A2-A232-4C94-A4A0-984FC990ECB8}
	EndGlobalSection
EndGlobal
